// !$*UTF8*$!
{
	archiveVersion = 1;
	classes = {
	};
	objectVersion = 46;
	objects = {

/* Begin PBXBuildFile section */
		65D7DDF71A06798600237AB8 /* Foundation.framework in Frameworks */ = {isa = PBXBuildFile; fileRef = 65D7DDF61A06798600237AB8 /* Foundation.framework */; };
		65D7DDF91A06798600237AB8 /* CoreGraphics.framework in Frameworks */ = {isa = PBXBuildFile; fileRef = 65D7DDF81A06798600237AB8 /* CoreGraphics.framework */; };
		65D7DDFB1A06798600237AB8 /* UIKit.framework in Frameworks */ = {isa = PBXBuildFile; fileRef = 65D7DDFA1A06798600237AB8 /* UIKit.framework */; };
		65D7DE011A06798600237AB8 /* InfoPlist.strings in Resources */ = {isa = PBXBuildFile; fileRef = 65D7DDFF1A06798600237AB8 /* InfoPlist.strings */; };
		65D7DE031A06798600237AB8 /* main.m in Sources */ = {isa = PBXBuildFile; fileRef = 65D7DE021A06798600237AB8 /* main.m */; };
		65D7DE071A06798600237AB8 /* AppDelegate.m in Sources */ = {isa = PBXBuildFile; fileRef = 65D7DE061A06798600237AB8 /* AppDelegate.m */; };
		65D7DE0A1A06798600237AB8 /* Main_iPhone.storyboard in Resources */ = {isa = PBXBuildFile; fileRef = 65D7DE081A06798600237AB8 /* Main_iPhone.storyboard */; };
		65D7DE101A06798600237AB8 /* ViewController.m in Sources */ = {isa = PBXBuildFile; fileRef = 65D7DE0F1A06798600237AB8 /* ViewController.m */; };
		65D7DE121A06798600237AB8 /* Images.xcassets in Resources */ = {isa = PBXBuildFile; fileRef = 65D7DE111A06798600237AB8 /* Images.xcassets */; };
		65D7DE191A06798600237AB8 /* XCTest.framework in Frameworks */ = {isa = PBXBuildFile; fileRef = 65D7DE181A06798600237AB8 /* XCTest.framework */; };
		65D7DE1A1A06798600237AB8 /* Foundation.framework in Frameworks */ = {isa = PBXBuildFile; fileRef = 65D7DDF61A06798600237AB8 /* Foundation.framework */; };
		65D7DE1B1A06798600237AB8 /* UIKit.framework in Frameworks */ = {isa = PBXBuildFile; fileRef = 65D7DDFA1A06798600237AB8 /* UIKit.framework */; };
		65D7DE231A06798600237AB8 /* InfoPlist.strings in Resources */ = {isa = PBXBuildFile; fileRef = 65D7DE211A06798600237AB8 /* InfoPlist.strings */; };
		65D7DE251A06798600237AB8 /* PDFCreatorTests.m in Sources */ = {isa = PBXBuildFile; fileRef = 65D7DE241A06798600237AB8 /* PDFCreatorTests.m */; };
/* End PBXBuildFile section */

/* Begin PBXContainerItemProxy section */
		65D7DE1C1A06798600237AB8 /* PBXContainerItemProxy */ = {
			isa = PBXContainerItemProxy;
			containerPortal = 65D7DDEB1A06798600237AB8 /* Project object */;
			proxyType = 1;
			remoteGlobalIDString = 65D7DDF21A06798600237AB8;
			remoteInfo = PDFCreator;
		};
/* End PBXContainerItemProxy section */

/* Begin PBXFileReference section */
		65D7DDF31A06798600237AB8 /* PDFCreator.app */ = {isa = PBXFileReference; explicitFileType = wrapper.application; includeInIndex = 0; path = PDFCreator.app; sourceTree = BUILT_PRODUCTS_DIR; };
		65D7DDF61A06798600237AB8 /* Foundation.framework */ = {isa = PBXFileReference; lastKnownFileType = wrapper.framework; name = Foundation.framework; path = System/Library/Frameworks/Foundation.framework; sourceTree = SDKROOT; };
		65D7DDF81A06798600237AB8 /* CoreGraphics.framework */ = {isa = PBXFileReference; lastKnownFileType = wrapper.framework; name = CoreGraphics.framework; path = System/Library/Frameworks/CoreGraphics.framework; sourceTree = SDKROOT; };
		65D7DDFA1A06798600237AB8 /* UIKit.framework */ = {isa = PBXFileReference; lastKnownFileType = wrapper.framework; name = UIKit.framework; path = System/Library/Frameworks/UIKit.framework; sourceTree = SDKROOT; };
		65D7DDFE1A06798600237AB8 /* PDFCreator-Info.plist */ = {isa = PBXFileReference; lastKnownFileType = text.plist.xml; path = "PDFCreator-Info.plist"; sourceTree = "<group>"; };
		65D7DE001A06798600237AB8 /* en */ = {isa = PBXFileReference; lastKnownFileType = text.plist.strings; name = en; path = en.lproj/InfoPlist.strings; sourceTree = "<group>"; };
		65D7DE021A06798600237AB8 /* main.m */ = {isa = PBXFileReference; lastKnownFileType = sourcecode.c.objc; path = main.m; sourceTree = "<group>"; };
		65D7DE041A06798600237AB8 /* PDFCreator-Prefix.pch */ = {isa = PBXFileReference; lastKnownFileType = sourcecode.c.h; path = "PDFCreator-Prefix.pch"; sourceTree = "<group>"; };
		65D7DE051A06798600237AB8 /* AppDelegate.h */ = {isa = PBXFileReference; lastKnownFileType = sourcecode.c.h; path = AppDelegate.h; sourceTree = "<group>"; };
		65D7DE061A06798600237AB8 /* AppDelegate.m */ = {isa = PBXFileReference; lastKnownFileType = sourcecode.c.objc; path = AppDelegate.m; sourceTree = "<group>"; };
		65D7DE091A06798600237AB8 /* Base */ = {isa = PBXFileReference; lastKnownFileType = file.storyboard; name = Base; path = Base.lproj/Main_iPhone.storyboard; sourceTree = "<group>"; };
		65D7DE0E1A06798600237AB8 /* ViewController.h */ = {isa = PBXFileReference; lastKnownFileType = sourcecode.c.h; path = ViewController.h; sourceTree = "<group>"; };
		65D7DE0F1A06798600237AB8 /* ViewController.m */ = {isa = PBXFileReference; lastKnownFileType = sourcecode.c.objc; path = ViewController.m; sourceTree = "<group>"; };
		65D7DE111A06798600237AB8 /* Images.xcassets */ = {isa = PBXFileReference; lastKnownFileType = folder.assetcatalog; path = Images.xcassets; sourceTree = "<group>"; };
		65D7DE171A06798600237AB8 /* PDFCreatorTests.xctest */ = {isa = PBXFileReference; explicitFileType = wrapper.cfbundle; includeInIndex = 0; path = PDFCreatorTests.xctest; sourceTree = BUILT_PRODUCTS_DIR; };
		65D7DE181A06798600237AB8 /* XCTest.framework */ = {isa = PBXFileReference; lastKnownFileType = wrapper.framework; name = XCTest.framework; path = Library/Frameworks/XCTest.framework; sourceTree = DEVELOPER_DIR; };
		65D7DE201A06798600237AB8 /* PDFCreatorTests-Info.plist */ = {isa = PBXFileReference; lastKnownFileType = text.plist.xml; path = "PDFCreatorTests-Info.plist"; sourceTree = "<group>"; };
		65D7DE221A06798600237AB8 /* en */ = {isa = PBXFileReference; lastKnownFileType = text.plist.strings; name = en; path = en.lproj/InfoPlist.strings; sourceTree = "<group>"; };
		65D7DE241A06798600237AB8 /* PDFCreatorTests.m */ = {isa = PBXFileReference; lastKnownFileType = sourcecode.c.objc; path = PDFCreatorTests.m; sourceTree = "<group>"; };
/* End PBXFileReference section */

/* Begin PBXFrameworksBuildPhase section */
		65D7DDF01A06798600237AB8 /* Frameworks */ = {
			isa = PBXFrameworksBuildPhase;
			buildActionMask = 2147483647;
			files = (
				65D7DDF91A06798600237AB8 /* CoreGraphics.framework in Frameworks */,
				65D7DDFB1A06798600237AB8 /* UIKit.framework in Frameworks */,
				65D7DDF71A06798600237AB8 /* Foundation.framework in Frameworks */,
			);
			runOnlyForDeploymentPostprocessing = 0;
		};
		65D7DE141A06798600237AB8 /* Frameworks */ = {
			isa = PBXFrameworksBuildPhase;
			buildActionMask = 2147483647;
			files = (
				65D7DE191A06798600237AB8 /* XCTest.framework in Frameworks */,
				65D7DE1B1A06798600237AB8 /* UIKit.framework in Frameworks */,
				65D7DE1A1A06798600237AB8 /* Foundation.framework in Frameworks */,
			);
			runOnlyForDeploymentPostprocessing = 0;
		};
/* End PBXFrameworksBuildPhase section */

/* Begin PBXGroup section */
		65D7DDEA1A06798600237AB8 = {
			isa = PBXGroup;
			children = (
				65D7DDFC1A06798600237AB8 /* PDFCreator */,
				65D7DE1E1A06798600237AB8 /* PDFCreatorTests */,
				65D7DDF51A06798600237AB8 /* Frameworks */,
				65D7DDF41A06798600237AB8 /* Products */,
			);
			sourceTree = "<group>";
		};
		65D7DDF41A06798600237AB8 /* Products */ = {
			isa = PBXGroup;
			children = (
				65D7DDF31A06798600237AB8 /* PDFCreator.app */,
				65D7DE171A06798600237AB8 /* PDFCreatorTests.xctest */,
			);
			name = Products;
			sourceTree = "<group>";
		};
		65D7DDF51A06798600237AB8 /* Frameworks */ = {
			isa = PBXGroup;
			children = (
				65D7DDF61A06798600237AB8 /* Foundation.framework */,
				65D7DDF81A06798600237AB8 /* CoreGraphics.framework */,
				65D7DDFA1A06798600237AB8 /* UIKit.framework */,
				65D7DE181A06798600237AB8 /* XCTest.framework */,
			);
			name = Frameworks;
			sourceTree = "<group>";
		};
		65D7DDFC1A06798600237AB8 /* PDFCreator */ = {
			isa = PBXGroup;
			children = (
				65D7DE051A06798600237AB8 /* AppDelegate.h */,
				65D7DE061A06798600237AB8 /* AppDelegate.m */,
				65D7DE081A06798600237AB8 /* Main_iPhone.storyboard */,
				65D7DE0E1A06798600237AB8 /* ViewController.h */,
				65D7DE0F1A06798600237AB8 /* ViewController.m */,
				65D7DE111A06798600237AB8 /* Images.xcassets */,
				65D7DDFD1A06798600237AB8 /* Supporting Files */,
			);
			path = PDFCreator;
			sourceTree = "<group>";
		};
		65D7DDFD1A06798600237AB8 /* Supporting Files */ = {
			isa = PBXGroup;
			children = (
				65D7DDFE1A06798600237AB8 /* PDFCreator-Info.plist */,
				65D7DDFF1A06798600237AB8 /* InfoPlist.strings */,
				65D7DE021A06798600237AB8 /* main.m */,
				65D7DE041A06798600237AB8 /* PDFCreator-Prefix.pch */,
			);
			name = "Supporting Files";
			sourceTree = "<group>";
		};
		65D7DE1E1A06798600237AB8 /* PDFCreatorTests */ = {
			isa = PBXGroup;
			children = (
				65D7DE241A06798600237AB8 /* PDFCreatorTests.m */,
				65D7DE1F1A06798600237AB8 /* Supporting Files */,
			);
			path = PDFCreatorTests;
			sourceTree = "<group>";
		};
		65D7DE1F1A06798600237AB8 /* Supporting Files */ = {
			isa = PBXGroup;
			children = (
				65D7DE201A06798600237AB8 /* PDFCreatorTests-Info.plist */,
				65D7DE211A06798600237AB8 /* InfoPlist.strings */,
			);
			name = "Supporting Files";
			sourceTree = "<group>";
		};
/* End PBXGroup section */

/* Begin PBXNativeTarget section */
		65D7DDF21A06798600237AB8 /* PDFCreator */ = {
			isa = PBXNativeTarget;
			buildConfigurationList = 65D7DE281A06798600237AB8 /* Build configuration list for PBXNativeTarget "PDFCreator" */;
			buildPhases = (
				65D7DDEF1A06798600237AB8 /* Sources */,
				65D7DDF01A06798600237AB8 /* Frameworks */,
				65D7DDF11A06798600237AB8 /* Resources */,
			);
			buildRules = (
			);
			dependencies = (
			);
			name = PDFCreator;
			productName = PDFCreator;
			productReference = 65D7DDF31A06798600237AB8 /* PDFCreator.app */;
			productType = "com.apple.product-type.application";
		};
		65D7DE161A06798600237AB8 /* PDFCreatorTests */ = {
			isa = PBXNativeTarget;
			buildConfigurationList = 65D7DE2B1A06798600237AB8 /* Build configuration list for PBXNativeTarget "PDFCreatorTests" */;
			buildPhases = (
				65D7DE131A06798600237AB8 /* Sources */,
				65D7DE141A06798600237AB8 /* Frameworks */,
				65D7DE151A06798600237AB8 /* Resources */,
			);
			buildRules = (
			);
			dependencies = (
				65D7DE1D1A06798600237AB8 /* PBXTargetDependency */,
			);
			name = PDFCreatorTests;
			productName = PDFCreatorTests;
			productReference = 65D7DE171A06798600237AB8 /* PDFCreatorTests.xctest */;
			productType = "com.apple.product-type.bundle.unit-test";
		};
/* End PBXNativeTarget section */

/* Begin PBXProject section */
		65D7DDEB1A06798600237AB8 /* Project object */ = {
			isa = PBXProject;
			attributes = {
				LastUpgradeCheck = 0510;
				ORGANIZATIONNAME = "Emerson Stewart";
				TargetAttributes = {
					65D7DE161A06798600237AB8 = {
						TestTargetID = 65D7DDF21A06798600237AB8;
					};
				};
			};
			buildConfigurationList = 65D7DDEE1A06798600237AB8 /* Build configuration list for PBXProject "PDFCreator" */;
			compatibilityVersion = "Xcode 3.2";
			developmentRegion = English;
			hasScannedForEncodings = 0;
			knownRegions = (
				en,
				Base,
			);
			mainGroup = 65D7DDEA1A06798600237AB8;
			productRefGroup = 65D7DDF41A06798600237AB8 /* Products */;
			projectDirPath = "";
			projectRoot = "";
			targets = (
				65D7DDF21A06798600237AB8 /* PDFCreator */,
				65D7DE161A06798600237AB8 /* PDFCreatorTests */,
			);
		};
/* End PBXProject section */

/* Begin PBXResourcesBuildPhase section */
		65D7DDF11A06798600237AB8 /* Resources */ = {
			isa = PBXResourcesBuildPhase;
			buildActionMask = 2147483647;
			files = (
				65D7DE121A06798600237AB8 /* Images.xcassets in Resources */,
				65D7DE0A1A06798600237AB8 /* Main_iPhone.storyboard in Resources */,
				65D7DE011A06798600237AB8 /* InfoPlist.strings in Resources */,
			);
			runOnlyForDeploymentPostprocessing = 0;
		};
		65D7DE151A06798600237AB8 /* Resources */ = {
			isa = PBXResourcesBuildPhase;
			buildActionMask = 2147483647;
			files = (
				65D7DE231A06798600237AB8 /* InfoPlist.strings in Resources */,
			);
			runOnlyForDeploymentPostprocessing = 0;
		};
/* End PBXResourcesBuildPhase section */

/* Begin PBXSourcesBuildPhase section */
		65D7DDEF1A06798600237AB8 /* Sources */ = {
			isa = PBXSourcesBuildPhase;
			buildActionMask = 2147483647;
			files = (
				65D7DE101A06798600237AB8 /* ViewController.m in Sources */,
				65D7DE071A06798600237AB8 /* AppDelegate.m in Sources */,
				65D7DE031A06798600237AB8 /* main.m in Sources */,
			);
			runOnlyForDeploymentPostprocessing = 0;
		};
		65D7DE131A06798600237AB8 /* Sources */ = {
			isa = PBXSourcesBuildPhase;
			buildActionMask = 2147483647;
			files = (
				65D7DE251A06798600237AB8 /* PDFCreatorTests.m in Sources */,
			);
			runOnlyForDeploymentPostprocessing = 0;
		};
/* End PBXSourcesBuildPhase section */

/* Begin PBXTargetDependency section */
		65D7DE1D1A06798600237AB8 /* PBXTargetDependency */ = {
			isa = PBXTargetDependency;
			target = 65D7DDF21A06798600237AB8 /* PDFCreator */;
			targetProxy = 65D7DE1C1A06798600237AB8 /* PBXContainerItemProxy */;
		};
/* End PBXTargetDependency section */

/* Begin PBXVariantGroup section */
		65D7DDFF1A06798600237AB8 /* InfoPlist.strings */ = {
			isa = PBXVariantGroup;
			children = (
				65D7DE001A06798600237AB8 /* en */,
			);
			name = InfoPlist.strings;
			sourceTree = "<group>";
		};
		65D7DE081A06798600237AB8 /* Main_iPhone.storyboard */ = {
			isa = PBXVariantGroup;
			children = (
				65D7DE091A06798600237AB8 /* Base */,
			);
			name = Main_iPhone.storyboard;
			sourceTree = "<group>";
		};
		65D7DE211A06798600237AB8 /* InfoPlist.strings */ = {
			isa = PBXVariantGroup;
			children = (
				65D7DE221A06798600237AB8 /* en */,
			);
			name = InfoPlist.strings;
			sourceTree = "<group>";
		};
/* End PBXVariantGroup section */

/* Begin XCBuildConfiguration section */
		65D7DE261A06798600237AB8 /* Debug */ = {
			isa = XCBuildConfiguration;
			buildSettings = {
				ALWAYS_SEARCH_USER_PATHS = NO;
				CLANG_CXX_LANGUAGE_STANDARD = "gnu++0x";
				CLANG_CXX_LIBRARY = "libc++";
				CLANG_ENABLE_MODULES = YES;
				CLANG_ENABLE_OBJC_ARC = YES;
				CLANG_WARN_BOOL_CONVERSION = YES;
				CLANG_WARN_CONSTANT_CONVERSION = YES;
				CLANG_WARN_DIRECT_OBJC_ISA_USAGE = YES_ERROR;
				CLANG_WARN_EMPTY_BODY = YES;
				CLANG_WARN_ENUM_CONVERSION = YES;
				CLANG_WARN_INT_CONVERSION = YES;
				CLANG_WARN_OBJC_ROOT_CLASS = YES_ERROR;
				CLANG_WARN__DUPLICATE_METHOD_MATCH = YES;
				"CODE_SIGN_IDENTITY[sdk=iphoneos*]" = "iPhone Developer";
				COPY_PHASE_STRIP = NO;
				GCC_C_LANGUAGE_STANDARD = gnu99;
				GCC_DYNAMIC_NO_PIC = NO;
				GCC_OPTIMIZATION_LEVEL = 0;
				GCC_PREPROCESSOR_DEFINITIONS = (
					"DEBUG=1",
					"$(inherited)",
				);
				GCC_SYMBOLS_PRIVATE_EXTERN = NO;
				GCC_WARN_64_TO_32_BIT_CONVERSION = YES;
				GCC_WARN_ABOUT_RETURN_TYPE = YES_ERROR;
				GCC_WARN_UNDECLARED_SELECTOR = YES;
				GCC_WARN_UNINITIALIZED_AUTOS = YES_AGGRESSIVE;
				GCC_WARN_UNUSED_FUNCTION = YES;
				GCC_WARN_UNUSED_VARIABLE = YES;
				IPHONEOS_DEPLOYMENT_TARGET = 7.1;
				ONLY_ACTIVE_ARCH = YES;
				SDKROOT = iphoneos;
				TARGETED_DEVICE_FAMILY = "1,2";
			};
			name = Debug;
		};
		65D7DE271A06798600237AB8 /* Release */ = {
			isa = XCBuildConfiguration;
			buildSettings = {
				ALWAYS_SEARCH_USER_PATHS = NO;
				CLANG_CXX_LANGUAGE_STANDARD = "gnu++0x";
				CLANG_CXX_LIBRARY = "libc++";
				CLANG_ENABLE_MODULES = YES;
				CLANG_ENABLE_OBJC_ARC = YES;
				CLANG_WARN_BOOL_CONVERSION = YES;
				CLANG_WARN_CONSTANT_CONVERSION = YES;
				CLANG_WARN_DIRECT_OBJC_ISA_USAGE = YES_ERROR;
				CLANG_WARN_EMPTY_BODY = YES;
				CLANG_WARN_ENUM_CONVERSION = YES;
				CLANG_WARN_INT_CONVERSION = YES;
				CLANG_WARN_OBJC_ROOT_CLASS = YES_ERROR;
				CLANG_WARN__DUPLICATE_METHOD_MATCH = YES;
				"CODE_SIGN_IDENTITY[sdk=iphoneos*]" = "iPhone Developer";
				COPY_PHASE_STRIP = YES;
				ENABLE_NS_ASSERTIONS = NO;
				GCC_C_LANGUAGE_STANDARD = gnu99;
				GCC_WARN_64_TO_32_BIT_CONVERSION = YES;
				GCC_WARN_ABOUT_RETURN_TYPE = YES_ERROR;
				GCC_WARN_UNDECLARED_SELECTOR = YES;
				GCC_WARN_UNINITIALIZED_AUTOS = YES_AGGRESSIVE;
				GCC_WARN_UNUSED_FUNCTION = YES;
				GCC_WARN_UNUSED_VARIABLE = YES;
				IPHONEOS_DEPLOYMENT_TARGET = 7.1;
				SDKROOT = iphoneos;
				TARGETED_DEVICE_FAMILY = "1,2";
				VALIDATE_PRODUCT = YES;
			};
			name = Release;
		};
		65D7DE291A06798600237AB8 /* Debug */ = {
			isa = XCBuildConfiguration;
			buildSettings = {
				ASSETCATALOG_COMPILER_APPICON_NAME = AppIcon;
				ASSETCATALOG_COMPILER_LAUNCHIMAGE_NAME = LaunchImage;
				GCC_PRECOMPILE_PREFIX_HEADER = YES;
				GCC_PREFIX_HEADER = "PDFCreator/PDFCreator-Prefix.pch";
				INFOPLIST_FILE = "PDFCreator/PDFCreator-Info.plist";
				PRODUCT_NAME = "$(TARGET_NAME)";
				WRAPPER_EXTENSION = app;
			};
			name = Debug;
		};
		65D7DE2A1A06798600237AB8 /* Release */ = {
			isa = XCBuildConfiguration;
			buildSettings = {
				ASSETCATALOG_COMPILER_APPICON_NAME = AppIcon;
				ASSETCATALOG_COMPILER_LAUNCHIMAGE_NAME = LaunchImage;
				GCC_PRECOMPILE_PREFIX_HEADER = YES;
				GCC_PREFIX_HEADER = "PDFCreator/PDFCreator-Prefix.pch";
				INFOPLIST_FILE = "PDFCreator/PDFCreator-Info.plist";
				PRODUCT_NAME = "$(TARGET_NAME)";
				WRAPPER_EXTENSION = app;
			};
			name = Release;
		};
		65D7DE2C1A06798600237AB8 /* Debug */ = {
			isa = XCBuildConfiguration;
			buildSettings = {
				BUNDLE_LOADER = "$(BUILT_PRODUCTS_DIR)/PDFCreator.app/PDFCreator";
				FRAMEWORK_SEARCH_PATHS = (
					"$(SDKROOT)/Developer/Library/Frameworks",
					"$(inherited)",
					"$(DEVELOPER_FRAMEWORKS_DIR)",
				);
				GCC_PRECOMPILE_PREFIX_HEADER = YES;
				GCC_PREFIX_HEADER = "PDFCreator/PDFCreator-Prefix.pch";
				GCC_PREPROCESSOR_DEFINITIONS = (
					"DEBUG=1",
					"$(inherited)",
				);
				INFOPLIST_FILE = "PDFCreatorTests/PDFCreatorTests-Info.plist";
				PRODUCT_NAME = "$(TARGET_NAME)";
				TEST_HOST = "$(BUNDLE_LOADER)";
				WRAPPER_EXTENSION = xctest;
			};
			name = Debug;
		};
		65D7DE2D1A06798600237AB8 /* Release */ = {
			isa = XCBuildConfiguration;
			buildSettings = {
				BUNDLE_LOADER = "$(BUILT_PRODUCTS_DIR)/PDFCreator.app/PDFCreator";
				FRAMEWORK_SEARCH_PATHS = (
					"$(SDKROOT)/Developer/Library/Frameworks",
					"$(inherited)",
					"$(DEVELOPER_FRAMEWORKS_DIR)",
				);
				GCC_PRECOMPILE_PREFIX_HEADER = YES;
				GCC_PREFIX_HEADER = "PDFCreator/PDFCreator-Prefix.pch";
				INFOPLIST_FILE = "PDFCreatorTests/PDFCreatorTests-Info.plist";
				PRODUCT_NAME = "$(TARGET_NAME)";
				TEST_HOST = "$(BUNDLE_LOADER)";
				WRAPPER_EXTENSION = xctest;
			};
			name = Release;
		};
/* End XCBuildConfiguration section */

/* Begin XCConfigurationList section */
		65D7DDEE1A06798600237AB8 /* Build configuration list for PBXProject "PDFCreator" */ = {
			isa = XCConfigurationList;
			buildConfigurations = (
				65D7DE261A06798600237AB8 /* Debug */,
				65D7DE271A06798600237AB8 /* Release */,
			);
			defaultConfigurationIsVisible = 0;
			defaultConfigurationName = Release;
		};
		65D7DE281A06798600237AB8 /* Build configuration list for PBXNativeTarget "PDFCreator" */ = {
			isa = XCConfigurationList;
			buildConfigurations = (
				65D7DE291A06798600237AB8 /* Debug */,
				65D7DE2A1A06798600237AB8 /* Release */,
			);
			defaultConfigurationIsVisible = 0;
		};
		65D7DE2B1A06798600237AB8 /* Build configuration list for PBXNativeTarget "PDFCreatorTests" */ = {
			isa = XCConfigurationList;
			buildConfigurations = (
				65D7DE2C1A06798600237AB8 /* Debug */,
				65D7DE2D1A06798600237AB8 /* Release */,
			);
			defaultConfigurationIsVisible = 0;
		};
/* End XCConfigurationList section */
	};
	rootObject = 65D7DDEB1A06798600237AB8 /* Project object */;
}
